
Microsoft Visual Studio Solution File, Format Version 12.00
# Visual Studio Version 17
VisualStudioVersion = 17.0.32112.339
MinimumVisualStudioVersion = 10.0.40219.1
Project("{FAE04EC0-301F-11D3-BF4B-00C04F79EFBC}") = "4FD3NBAPredictions", "4FD3NBAPredictions\4FD3NBAPredictions.csproj", "{9E1ACD0A-8B00-43B5-93B2-6C4DC9F8033D}"
EndProject
Project("{FAE04EC0-301F-11D3-BF4B-00C04F79EFBC}") = "4FD3NBAPredictionsTesting", "4FD3NBAPredictionsTesting\4FD3NBAPredictionsTesting.csproj", "{7323F670-5BF1-4C75-B645-747A558DE929}"
EndProject
Global
	GlobalSection(SolutionConfigurationPlatforms) = preSolution
		Debug|Any CPU = Debug|Any CPU
		Release|Any CPU = Release|Any CPU
	EndGlobalSection
	GlobalSection(ProjectConfigurationPlatforms) = postSolution
		{9E1ACD0A-8B00-43B5-93B2-6C4DC9F8033D}.Debug|Any CPU.ActiveCfg = Debug|Any CPU
		{9E1ACD0A-8B00-43B5-93B2-6C4DC9F8033D}.Debug|Any CPU.Build.0 = Debug|Any CPU
		{9E1ACD0A-8B00-43B5-93B2-6C4DC9F8033D}.Release|Any CPU.ActiveCfg = Release|Any CPU
		{9E1ACD0A-8B00-43B5-93B2-6C4DC9F8033D}.Release|Any CPU.Build.0 = Release|Any CPU
		{7323F670-5BF1-4C75-B645-747A558DE929}.Debug|Any CPU.ActiveCfg = Debug|Any CPU
		{7323F670-5BF1-4C75-B645-747A558DE929}.Debug|Any CPU.Build.0 = Debug|Any CPU
		{7323F670-5BF1-4C75-B645-747A558DE929}.Release|Any CPU.ActiveCfg = Release|Any CPU
		{7323F670-5BF1-4C75-B645-747A558DE929}.Release|Any CPU.Build.0 = Release|Any CPU
	EndGlobalSection
	GlobalSection(SolutionProperties) = preSolution
		HideSolutionNode = FALSE
	EndGlobalSection
	GlobalSection(ExtensibilityGlobals) = postSolution
		SolutionGuid = {31AE15C9-F3D4-4676-B72F-C28DA1958900}
	EndGlobalSection
EndGlobal
